// !$*UTF8*$!
{
	archiveVersion = 1;
	classes = {
	};
	objectVersion = 50;
	objects = {

/* Begin PBXBuildFile section */
		6454279C23D4D2EA0003AD57 /* AppDelegate.swift in Sources */ = {isa = PBXBuildFile; fileRef = 6454279B23D4D2EA0003AD57 /* AppDelegate.swift */; };
		6454279E23D4D2EA0003AD57 /* SceneDelegate.swift in Sources */ = {isa = PBXBuildFile; fileRef = 6454279D23D4D2EA0003AD57 /* SceneDelegate.swift */; };
		645427A023D4D2EA0003AD57 /* ViewController.swift in Sources */ = {isa = PBXBuildFile; fileRef = 6454279F23D4D2EA0003AD57 /* ViewController.swift */; };
		645427A323D4D2EA0003AD57 /* Main.storyboard in Resources */ = {isa = PBXBuildFile; fileRef = 645427A123D4D2EA0003AD57 /* Main.storyboard */; };
		645427A523D4D2EB0003AD57 /* Assets.xcassets in Resources */ = {isa = PBXBuildFile; fileRef = 645427A423D4D2EB0003AD57 /* Assets.xcassets */; };
		645427A823D4D2EB0003AD57 /* LaunchScreen.storyboard in Resources */ = {isa = PBXBuildFile; fileRef = 645427A623D4D2EB0003AD57 /* LaunchScreen.storyboard */; };
		645427B023D4D8370003AD57 /* TriviaViewController.swift in Sources */ = {isa = PBXBuildFile; fileRef = 645427AF23D4D8370003AD57 /* TriviaViewController.swift */; };
		645427B323D4D9EA0003AD57 /* User.json in Resources */ = {isa = PBXBuildFile; fileRef = 645427B223D4D9EA0003AD57 /* User.json */; };
		645427B523D4DA6E0003AD57 /* TriviaQuestion.json in Resources */ = {isa = PBXBuildFile; fileRef = 645427B423D4DA6E0003AD57 /* TriviaQuestion.json */; };
		645427B923D50E310003AD57 /* AnswerTableViewCell.swift in Sources */ = {isa = PBXBuildFile; fileRef = 645427B823D50E310003AD57 /* AnswerTableViewCell.swift */; };
/* End PBXBuildFile section */

/* Begin PBXFileReference section */
		6454279823D4D2EA0003AD57 /* TriviaGame.app */ = {isa = PBXFileReference; explicitFileType = wrapper.application; includeInIndex = 0; path = TriviaGame.app; sourceTree = BUILT_PRODUCTS_DIR; };
		6454279B23D4D2EA0003AD57 /* AppDelegate.swift */ = {isa = PBXFileReference; lastKnownFileType = sourcecode.swift; path = AppDelegate.swift; sourceTree = "<group>"; };
		6454279D23D4D2EA0003AD57 /* SceneDelegate.swift */ = {isa = PBXFileReference; lastKnownFileType = sourcecode.swift; path = SceneDelegate.swift; sourceTree = "<group>"; };
		6454279F23D4D2EA0003AD57 /* ViewController.swift */ = {isa = PBXFileReference; lastKnownFileType = sourcecode.swift; path = ViewController.swift; sourceTree = "<group>"; };
		645427A223D4D2EA0003AD57 /* Base */ = {isa = PBXFileReference; lastKnownFileType = file.storyboard; name = Base; path = Base.lproj/Main.storyboard; sourceTree = "<group>"; };
		645427A423D4D2EB0003AD57 /* Assets.xcassets */ = {isa = PBXFileReference; lastKnownFileType = folder.assetcatalog; path = Assets.xcassets; sourceTree = "<group>"; };
		645427A723D4D2EB0003AD57 /* Base */ = {isa = PBXFileReference; lastKnownFileType = file.storyboard; name = Base; path = Base.lproj/LaunchScreen.storyboard; sourceTree = "<group>"; };
		645427A923D4D2EB0003AD57 /* Info.plist */ = {isa = PBXFileReference; lastKnownFileType = text.plist.xml; path = Info.plist; sourceTree = "<group>"; };
		645427AF23D4D8370003AD57 /* TriviaViewController.swift */ = {isa = PBXFileReference; lastKnownFileType = sourcecode.swift; path = TriviaViewController.swift; sourceTree = "<group>"; };
		645427B223D4D9EA0003AD57 /* User.json */ = {isa = PBXFileReference; lastKnownFileType = text.json; path = User.json; sourceTree = "<group>"; };
		645427B423D4DA6E0003AD57 /* TriviaQuestion.json */ = {isa = PBXFileReference; lastKnownFileType = text.json; path = TriviaQuestion.json; sourceTree = "<group>"; };
		645427B823D50E310003AD57 /* AnswerTableViewCell.swift */ = {isa = PBXFileReference; lastKnownFileType = sourcecode.swift; path = AnswerTableViewCell.swift; sourceTree = "<group>"; };
/* End PBXFileReference section */

/* Begin PBXFrameworksBuildPhase section */
		6454279523D4D2EA0003AD57 /* Frameworks */ = {
			isa = PBXFrameworksBuildPhase;
			buildActionMask = 2147483647;
			files = (
			);
			runOnlyForDeploymentPostprocessing = 0;
		};
/* End PBXFrameworksBuildPhase section */

/* Begin PBXGroup section */
		6454278F23D4D2EA0003AD57 = {
			isa = PBXGroup;
			children = (
				6454279A23D4D2EA0003AD57 /* TriviaGame */,
				6454279923D4D2EA0003AD57 /* Products */,
			);
			sourceTree = "<group>";
		};
		6454279923D4D2EA0003AD57 /* Products */ = {
			isa = PBXGroup;
			children = (
				6454279823D4D2EA0003AD57 /* TriviaGame.app */,
			);
			name = Products;
			sourceTree = "<group>";
		};
		6454279A23D4D2EA0003AD57 /* TriviaGame */ = {
			isa = PBXGroup;
			children = (
				6454279B23D4D2EA0003AD57 /* AppDelegate.swift */,
				6454279D23D4D2EA0003AD57 /* SceneDelegate.swift */,
				6454279F23D4D2EA0003AD57 /* ViewController.swift */,
				645427AF23D4D8370003AD57 /* TriviaViewController.swift */,
				645427A123D4D2EA0003AD57 /* Main.storyboard */,
				645427B823D50E310003AD57 /* AnswerTableViewCell.swift */,
				645427A423D4D2EB0003AD57 /* Assets.xcassets */,
				645427A623D4D2EB0003AD57 /* LaunchScreen.storyboard */,
				645427A923D4D2EB0003AD57 /* Info.plist */,
				645427B123D4D9080003AD57 /* Resources */,
			);
			path = TriviaGame;
			sourceTree = "<group>";
		};
		645427B123D4D9080003AD57 /* Resources */ = {
			isa = PBXGroup;
			children = (
				645427B223D4D9EA0003AD57 /* User.json */,
				645427B423D4DA6E0003AD57 /* TriviaQuestion.json */,
			);
			path = Resources;
			sourceTree = "<group>";
		};
/* End PBXGroup section */

/* Begin PBXNativeTarget section */
		6454279723D4D2EA0003AD57 /* TriviaGame */ = {
			isa = PBXNativeTarget;
			buildConfigurationList = 645427AC23D4D2EB0003AD57 /* Build configuration list for PBXNativeTarget "TriviaGame" */;
			buildPhases = (
				6454279423D4D2EA0003AD57 /* Sources */,
				6454279523D4D2EA0003AD57 /* Frameworks */,
				6454279623D4D2EA0003AD57 /* Resources */,
			);
			buildRules = (
			);
			dependencies = (
			);
			name = TriviaGame;
			productName = TriviaGame;
			productReference = 6454279823D4D2EA0003AD57 /* TriviaGame.app */;
			productType = "com.apple.product-type.application";
		};
/* End PBXNativeTarget section */

/* Begin PBXProject section */
		6454279023D4D2EA0003AD57 /* Project object */ = {
			isa = PBXProject;
			attributes = {
				LastSwiftUpdateCheck = 1130;
				LastUpgradeCheck = 1130;
				ORGANIZATIONNAME = manuel;
				TargetAttributes = {
					6454279723D4D2EA0003AD57 = {
						CreatedOnToolsVersion = 11.3;
					};
				};
			};
			buildConfigurationList = 6454279323D4D2EA0003AD57 /* Build configuration list for PBXProject "TriviaGame" */;
			compatibilityVersion = "Xcode 9.3";
			developmentRegion = en;
			hasScannedForEncodings = 0;
			knownRegions = (
				en,
				Base,
			);
			mainGroup = 6454278F23D4D2EA0003AD57;
			productRefGroup = 6454279923D4D2EA0003AD57 /* Products */;
			projectDirPath = "";
			projectRoot = "";
			targets = (
				6454279723D4D2EA0003AD57 /* TriviaGame */,
			);
		};
/* End PBXProject section */

/* Begin PBXResourcesBuildPhase section */
		6454279623D4D2EA0003AD57 /* Resources */ = {
			isa = PBXResourcesBuildPhase;
			buildActionMask = 2147483647;
			files = (
				645427B323D4D9EA0003AD57 /* User.json in Resources */,
				645427B523D4DA6E0003AD57 /* TriviaQuestion.json in Resources */,
				645427A823D4D2EB0003AD57 /* LaunchScreen.storyboard in Resources */,
				645427A523D4D2EB0003AD57 /* Assets.xcassets in Resources */,
				645427A323D4D2EA0003AD57 /* Main.storyboard in Resources */,
			);
			runOnlyForDeploymentPostprocessing = 0;
		};
/* End PBXResourcesBuildPhase section */

/* Begin PBXSourcesBuildPhase section */
		6454279423D4D2EA0003AD57 /* Sources */ = {
			isa = PBXSourcesBuildPhase;
			buildActionMask = 2147483647;
			files = (
				645427A023D4D2EA0003AD57 /* ViewController.swift in Sources */,
				6454279C23D4D2EA0003AD57 /* AppDelegate.swift in Sources */,
				6454279E23D4D2EA0003AD57 /* SceneDelegate.swift in Sources */,
				645427B923D50E310003AD57 /* AnswerTableViewCell.swift in Sources */,
				645427B023D4D8370003AD57 /* TriviaViewController.swift in Sources */,
			);
			runOnlyForDeploymentPostprocessing = 0;
		};
/* End PBXSourcesBuildPhase section */

/* Begin PBXVariantGroup section */
		645427A123D4D2EA0003AD57 /* Main.storyboard */ = {
			isa = PBXVariantGroup;
			children = (
				645427A223D4D2EA0003AD57 /* Base */,
			);
			name = Main.storyboard;
			sourceTree = "<group>";
		};
		645427A623D4D2EB0003AD57 /* LaunchScreen.storyboard */ = {
			isa = PBXVariantGroup;
			children = (
				645427A723D4D2EB0003AD57 /* Base */,
			);
			name = LaunchScreen.storyboard;
			sourceTree = "<group>";
		};
/* End PBXVariantGroup section */

/* Begin XCBuildConfiguration section */
		645427AA23D4D2EB0003AD57 /* Debug */ = {
			isa = XCBuildConfiguration;
			buildSettings = {
				ALWAYS_SEARCH_USER_PATHS = NO;
				CLANG_ANALYZER_NONNULL = YES;
				CLANG_ANALYZER_NUMBER_OBJECT_CONVERSION = YES_AGGRESSIVE;
				CLANG_CXX_LANGUAGE_STANDARD = "gnu++14";
				CLANG_CXX_LIBRARY = "libc++";
				CLANG_ENABLE_MODULES = YES;
				CLANG_ENABLE_OBJC_ARC = YES;
				CLANG_ENABLE_OBJC_WEAK = YES;
				CLANG_WARN_BLOCK_CAPTURE_AUTORELEASING = YES;
				CLANG_WARN_BOOL_CONVERSION = YES;
				CLANG_WARN_COMMA = YES;
				CLANG_WARN_CONSTANT_CONVERSION = YES;
				CLANG_WARN_DEPRECATED_OBJC_IMPLEMENTATIONS = YES;
				CLANG_WARN_DIRECT_OBJC_ISA_USAGE = YES_ERROR;
				CLANG_WARN_DOCUMENTATION_COMMENTS = YES;
				CLANG_WARN_EMPTY_BODY = YES;
				CLANG_WARN_ENUM_CONVERSION = YES;
				CLANG_WARN_INFINITE_RECURSION = YES;
				CLANG_WARN_INT_CONVERSION = YES;
				CLANG_WARN_NON_LITERAL_NULL_CONVERSION = YES;
				CLANG_WARN_OBJC_IMPLICIT_RETAIN_SELF = YES;
				CLANG_WARN_OBJC_LITERAL_CONVERSION = YES;
				CLANG_WARN_OBJC_ROOT_CLASS = YES_ERROR;
				CLANG_WARN_RANGE_LOOP_ANALYSIS = YES;
				CLANG_WARN_STRICT_PROTOTYPES = YES;
				CLANG_WARN_SUSPICIOUS_MOVE = YES;
				CLANG_WARN_UNGUARDED_AVAILABILITY = YES_AGGRESSIVE;
				CLANG_WARN_UNREACHABLE_CODE = YES;
				CLANG_WARN__DUPLICATE_METHOD_MATCH = YES;
				COPY_PHASE_STRIP = NO;
				DEBUG_INFORMATION_FORMAT = dwarf;
				ENABLE_STRICT_OBJC_MSGSEND = YES;
				ENABLE_TESTABILITY = YES;
				GCC_C_LANGUAGE_STANDARD = gnu11;
				GCC_DYNAMIC_NO_PIC = NO;
				GCC_NO_COMMON_BLOCKS = YES;
				GCC_OPTIMIZATION_LEVEL = 0;
				GCC_PREPROCESSOR_DEFINITIONS = (
					"DEBUG=1",
					"$(inherited)",
				);
				GCC_WARN_64_TO_32_BIT_CONVERSION = YES;
				GCC_WARN_ABOUT_RETURN_TYPE = YES_ERROR;
				GCC_WARN_UNDECLARED_SELECTOR = YES;
				GCC_WARN_UNINITIALIZED_AUTOS = YES_AGGRESSIVE;
				GCC_WARN_UNUSED_FUNCTION = YES;
				GCC_WARN_UNUSED_VARIABLE = YES;
				IPHONEOS_DEPLOYMENT_TARGET = 13.2;
				MTL_ENABLE_DEBUG_INFO = INCLUDE_SOURCE;
				MTL_FAST_MATH = YES;
				ONLY_ACTIVE_ARCH = YES;
				SDKROOT = iphoneos;
				SWIFT_ACTIVE_COMPILATION_CONDITIONS = DEBUG;
				SWIFT_OPTIMIZATION_LEVEL = "-Onone";
			};
			name = Debug;
		};
		645427AB23D4D2EB0003AD57 /* Release */ = {
			isa = XCBuildConfiguration;
			buildSettings = {
				ALWAYS_SEARCH_USER_PATHS = NO;
				CLANG_ANALYZER_NONNULL = YES;
				CLANG_ANALYZER_NUMBER_OBJECT_CONVERSION = YES_AGGRESSIVE;
				CLANG_CXX_LANGUAGE_STANDARD = "gnu++14";
				CLANG_CXX_LIBRARY = "libc++";
				CLANG_ENABLE_MODULES = YES;
				CLANG_ENABLE_OBJC_ARC = YES;
				CLANG_ENABLE_OBJC_WEAK = YES;
				CLANG_WARN_BLOCK_CAPTURE_AUTORELEASING = YES;
				CLANG_WARN_BOOL_CONVERSION = YES;
				CLANG_WARN_COMMA = YES;
				CLANG_WARN_CONSTANT_CONVERSION = YES;
				CLANG_WARN_DEPRECATED_OBJC_IMPLEMENTATIONS = YES;
				CLANG_WARN_DIRECT_OBJC_ISA_USAGE = YES_ERROR;
				CLANG_WARN_DOCUMENTATION_COMMENTS = YES;
				CLANG_WARN_EMPTY_BODY = YES;
				CLANG_WARN_ENUM_CONVERSION = YES;
				CLANG_WARN_INFINITE_RECURSION = YES;
				CLANG_WARN_INT_CONVERSION = YES;
				CLANG_WARN_NON_LITERAL_NULL_CONVERSION = YES;
				CLANG_WARN_OBJC_IMPLICIT_RETAIN_SELF = YES;
				CLANG_WARN_OBJC_LITERAL_CONVERSION = YES;
				CLANG_WARN_OBJC_ROOT_CLASS = YES_ERROR;
				CLANG_WARN_RANGE_LOOP_ANALYSIS = YES;
				CLANG_WARN_STRICT_PROTOTYPES = YES;
				CLANG_WARN_SUSPICIOUS_MOVE = YES;
				CLANG_WARN_UNGUARDED_AVAILABILITY = YES_AGGRESSIVE;
				CLANG_WARN_UNREACHABLE_CODE = YES;
				CLANG_WARN__DUPLICATE_METHOD_MATCH = YES;
				COPY_PHASE_STRIP = NO;
				DEBUG_INFORMATION_FORMAT = "dwarf-with-dsym";
				ENABLE_NS_ASSERTIONS = NO;
				ENABLE_STRICT_OBJC_MSGSEND = YES;
				GCC_C_LANGUAGE_STANDARD = gnu11;
				GCC_NO_COMMON_BLOCKS = YES;
				GCC_WARN_64_TO_32_BIT_CONVERSION = YES;
				GCC_WARN_ABOUT_RETURN_TYPE = YES_ERROR;
				GCC_WARN_UNDECLARED_SELECTOR = YES;
				GCC_WARN_UNINITIALIZED_AUTOS = YES_AGGRESSIVE;
				GCC_WARN_UNUSED_FUNCTION = YES;
				GCC_WARN_UNUSED_VARIABLE = YES;
				IPHONEOS_DEPLOYMENT_TARGET = 13.2;
				MTL_ENABLE_DEBUG_INFO = NO;
				MTL_FAST_MATH = YES;
				SDKROOT = iphoneos;
				SWIFT_COMPILATION_MODE = wholemodule;
				SWIFT_OPTIMIZATION_LEVEL = "-O";
				VALIDATE_PRODUCT = YES;
			};
			name = Release;
		};
		645427AD23D4D2EB0003AD57 /* Debug */ = {
			isa = XCBuildConfiguration;
			buildSettings = {
				ASSETCATALOG_COMPILER_APPICON_NAME = AppIcon;
				CODE_SIGN_STYLE = Automatic;
				DEVELOPMENT_TEAM = 3TUBN322FS;
				INFOPLIST_FILE = TriviaGame/Info.plist;
				LD_RUNPATH_SEARCH_PATHS = (
					"$(inherited)",
					"@executable_path/Frameworks",
				);
				PRODUCT_BUNDLE_IDENTIFIER = spinsoft.TriviaGame;
				PRODUCT_NAME = "$(TARGET_NAME)";
				SWIFT_VERSION = 5.0;
				TARGETED_DEVICE_FAMILY = 1;
			};
			name = Debug;
		};
		645427AE23D4D2EB0003AD57 /* Release */ = {
			isa = XCBuildConfiguration;
			buildSettings = {
				ASSETCATALOG_COMPILER_APPICON_NAME = AppIcon;
				CODE_SIGN_STYLE = Automatic;
				DEVELOPMENT_TEAM = 3TUBN322FS;
				INFOPLIST_FILE = TriviaGame/Info.plist;
				LD_RUNPATH_SEARCH_PATHS = (
					"$(inherited)",
					"@executable_path/Frameworks",
				);
				PRODUCT_BUNDLE_IDENTIFIER = spinsoft.TriviaGame;
				PRODUCT_NAME = "$(TARGET_NAME)";
				SWIFT_VERSION = 5.0;
				TARGETED_DEVICE_FAMILY = 1;
			};
			name = Release;
		};
/* End XCBuildConfiguration section */

/* Begin XCConfigurationList section */
		6454279323D4D2EA0003AD57 /* Build configuration list for PBXProject "TriviaGame" */ = {
			isa = XCConfigurationList;
			buildConfigurations = (
				645427AA23D4D2EB0003AD57 /* Debug */,
				645427AB23D4D2EB0003AD57 /* Release */,
			);
			defaultConfigurationIsVisible = 0;
			defaultConfigurationName = Release;
		};
		645427AC23D4D2EB0003AD57 /* Build configuration list for PBXNativeTarget "TriviaGame" */ = {
			isa = XCConfigurationList;
			buildConfigurations = (
				645427AD23D4D2EB0003AD57 /* Debug */,
				645427AE23D4D2EB0003AD57 /* Release */,
			);
			defaultConfigurationIsVisible = 0;
			defaultConfigurationName = Release;
		};
/* End XCConfigurationList section */
	};
	rootObject = 6454279023D4D2EA0003AD57 /* Project object */;
}
